
Microsoft Visual Studio Solution File, Format Version 12.00
# Visual Studio Version 16
VisualStudioVersion = 16.0.32901.82
MinimumVisualStudioVersion = 10.0.40219.1
Project("{FAE04EC0-301F-11D3-BF4B-00C04F79EFBC}") = "DopZadanie2", "DopZadanie2\DopZadanie2.csproj", "{03A7F855-F99A-4003-8056-25A06EA85044}"
EndProject
Global
	GlobalSection(SolutionConfigurationPlatforms) = preSolution
		Debug|Any CPU = Debug|Any CPU
		Release|Any CPU = Release|Any CPU
	EndGlobalSection
	GlobalSection(ProjectConfigurationPlatforms) = postSolution
		{03A7F855-F99A-4003-8056-25A06EA85044}.Debug|Any CPU.ActiveCfg = Debug|Any CPU
		{03A7F855-F99A-4003-8056-25A06EA85044}.Debug|Any CPU.Build.0 = Debug|Any CPU
		{03A7F855-F99A-4003-8056-25A06EA85044}.Release|Any CPU.ActiveCfg = Release|Any CPU
		{03A7F855-F99A-4003-8056-25A06EA85044}.Release|Any CPU.Build.0 = Release|Any CPU
	EndGlobalSection
	GlobalSection(SolutionProperties) = preSolution
		HideSolutionNode = FALSE
	EndGlobalSection
	GlobalSection(ExtensibilityGlobals) = postSolution
		SolutionGuid = {93F5255B-9423-4200-98B6-87329022CD20}
	EndGlobalSection
EndGlobal
